// !$*UTF8*$!
{
	archiveVersion = 1;
	classes = {
	};
	objectVersion = 46;
	objects = {

/* Begin PBXBuildFile section */
		11A60C04552BF08B6B29B80B /* libPods-TestFetch.a in Frameworks */ = {isa = PBXBuildFile; fileRef = 82647C6919C3399A04900721 /* libPods-TestFetch.a */; };
		528A84031DAE68AF0076043A /* main.m in Sources */ = {isa = PBXBuildFile; fileRef = 528A84021DAE68AF0076043A /* main.m */; };
		528A84061DAE68AF0076043A /* AppDelegate.m in Sources */ = {isa = PBXBuildFile; fileRef = 528A84051DAE68AF0076043A /* AppDelegate.m */; };
		528A840C1DAE68AF0076043A /* Main.storyboard in Resources */ = {isa = PBXBuildFile; fileRef = 528A840A1DAE68AF0076043A /* Main.storyboard */; };
		528A840F1DAE68AF0076043A /* TestFetch.xcdatamodeld in Sources */ = {isa = PBXBuildFile; fileRef = 528A840D1DAE68AF0076043A /* TestFetch.xcdatamodeld */; };
		528A84111DAE68AF0076043A /* Assets.xcassets in Resources */ = {isa = PBXBuildFile; fileRef = 528A84101DAE68AF0076043A /* Assets.xcassets */; };
		528A84141DAE68AF0076043A /* LaunchScreen.storyboard in Resources */ = {isa = PBXBuildFile; fileRef = 528A84121DAE68AF0076043A /* LaunchScreen.storyboard */; };
		528A841F1DAE68AF0076043A /* TestFetchTests.m in Sources */ = {isa = PBXBuildFile; fileRef = 528A841E1DAE68AF0076043A /* TestFetchTests.m */; };
		528A842A1DAE68AF0076043A /* TestFetchUITests.m in Sources */ = {isa = PBXBuildFile; fileRef = 528A84291DAE68AF0076043A /* TestFetchUITests.m */; };
		528A84471DAE802E0076043A /* SiSDataManager.m in Sources */ = {isa = PBXBuildFile; fileRef = 528A84461DAE802E0076043A /* SiSDataManager.m */; };
		528A84511DAE8B6E0076043A /* SiSServerManager.m in Sources */ = {isa = PBXBuildFile; fileRef = 528A84501DAE8B6E0076043A /* SiSServerManager.m */; };
		528A84551DAE8E9F0076043A /* SiSTableViewController.m in Sources */ = {isa = PBXBuildFile; fileRef = 528A84541DAE8E9F0076043A /* SiSTableViewController.m */; };
		528A84581DAE94D60076043A /* SiSComplexManager.m in Sources */ = {isa = PBXBuildFile; fileRef = 528A84571DAE94D60076043A /* SiSComplexManager.m */; };
		52B93A981DB0016F004D3C3F /* SiSCourse+CoreDataProperties.m in Sources */ = {isa = PBXBuildFile; fileRef = 52B93A911DB0016F004D3C3F /* SiSCourse+CoreDataProperties.m */; };
		52B93A991DB0016F004D3C3F /* SiSCourse.m in Sources */ = {isa = PBXBuildFile; fileRef = 52B93A931DB0016F004D3C3F /* SiSCourse.m */; };
		52B93A9A1DB0016F004D3C3F /* SiSUpcoming+CoreDataProperties.m in Sources */ = {isa = PBXBuildFile; fileRef = 52B93A951DB0016F004D3C3F /* SiSUpcoming+CoreDataProperties.m */; };
		52B93A9B1DB0016F004D3C3F /* SiSUpcoming.m in Sources */ = {isa = PBXBuildFile; fileRef = 52B93A971DB0016F004D3C3F /* SiSUpcoming.m */; };
/* End PBXBuildFile section */

/* Begin PBXContainerItemProxy section */
		528A841B1DAE68AF0076043A /* PBXContainerItemProxy */ = {
			isa = PBXContainerItemProxy;
			containerPortal = 528A83F61DAE68AF0076043A /* Project object */;
			proxyType = 1;
			remoteGlobalIDString = 528A83FD1DAE68AF0076043A;
			remoteInfo = TestFetch;
		};
		528A84261DAE68AF0076043A /* PBXContainerItemProxy */ = {
			isa = PBXContainerItemProxy;
			containerPortal = 528A83F61DAE68AF0076043A /* Project object */;
			proxyType = 1;
			remoteGlobalIDString = 528A83FD1DAE68AF0076043A;
			remoteInfo = TestFetch;
		};
/* End PBXContainerItemProxy section */

/* Begin PBXFileReference section */
		1F5E53CF438E8725DF7768C2 /* Pods-TestFetch.debug.xcconfig */ = {isa = PBXFileReference; includeInIndex = 1; lastKnownFileType = text.xcconfig; name = "Pods-TestFetch.debug.xcconfig"; path = "Pods/Target Support Files/Pods-TestFetch/Pods-TestFetch.debug.xcconfig"; sourceTree = "<group>"; };
		528A83FE1DAE68AF0076043A /* TestFetch.app */ = {isa = PBXFileReference; explicitFileType = wrapper.application; includeInIndex = 0; path = TestFetch.app; sourceTree = BUILT_PRODUCTS_DIR; };
		528A84021DAE68AF0076043A /* main.m */ = {isa = PBXFileReference; lastKnownFileType = sourcecode.c.objc; path = main.m; sourceTree = "<group>"; };
		528A84041DAE68AF0076043A /* AppDelegate.h */ = {isa = PBXFileReference; lastKnownFileType = sourcecode.c.h; path = AppDelegate.h; sourceTree = "<group>"; };
		528A84051DAE68AF0076043A /* AppDelegate.m */ = {isa = PBXFileReference; lastKnownFileType = sourcecode.c.objc; path = AppDelegate.m; sourceTree = "<group>"; };
		528A840B1DAE68AF0076043A /* Base */ = {isa = PBXFileReference; lastKnownFileType = file.storyboard; name = Base; path = Base.lproj/Main.storyboard; sourceTree = "<group>"; };
		528A840E1DAE68AF0076043A /* TestFetch.xcdatamodel */ = {isa = PBXFileReference; lastKnownFileType = wrapper.xcdatamodel; path = TestFetch.xcdatamodel; sourceTree = "<group>"; };
		528A84101DAE68AF0076043A /* Assets.xcassets */ = {isa = PBXFileReference; lastKnownFileType = folder.assetcatalog; path = Assets.xcassets; sourceTree = "<group>"; };
		528A84131DAE68AF0076043A /* Base */ = {isa = PBXFileReference; lastKnownFileType = file.storyboard; name = Base; path = Base.lproj/LaunchScreen.storyboard; sourceTree = "<group>"; };
		528A84151DAE68AF0076043A /* Info.plist */ = {isa = PBXFileReference; lastKnownFileType = text.plist.xml; path = Info.plist; sourceTree = "<group>"; };
		528A841A1DAE68AF0076043A /* TestFetchTests.xctest */ = {isa = PBXFileReference; explicitFileType = wrapper.cfbundle; includeInIndex = 0; path = TestFetchTests.xctest; sourceTree = BUILT_PRODUCTS_DIR; };
		528A841E1DAE68AF0076043A /* TestFetchTests.m */ = {isa = PBXFileReference; lastKnownFileType = sourcecode.c.objc; path = TestFetchTests.m; sourceTree = "<group>"; };
		528A84201DAE68AF0076043A /* Info.plist */ = {isa = PBXFileReference; lastKnownFileType = text.plist.xml; path = Info.plist; sourceTree = "<group>"; };
		528A84251DAE68AF0076043A /* TestFetchUITests.xctest */ = {isa = PBXFileReference; explicitFileType = wrapper.cfbundle; includeInIndex = 0; path = TestFetchUITests.xctest; sourceTree = BUILT_PRODUCTS_DIR; };
		528A84291DAE68AF0076043A /* TestFetchUITests.m */ = {isa = PBXFileReference; lastKnownFileType = sourcecode.c.objc; path = TestFetchUITests.m; sourceTree = "<group>"; };
		528A842B1DAE68AF0076043A /* Info.plist */ = {isa = PBXFileReference; lastKnownFileType = text.plist.xml; path = Info.plist; sourceTree = "<group>"; };
		528A84451DAE802E0076043A /* SiSDataManager.h */ = {isa = PBXFileReference; fileEncoding = 4; lastKnownFileType = sourcecode.c.h; path = SiSDataManager.h; sourceTree = "<group>"; };
		528A84461DAE802E0076043A /* SiSDataManager.m */ = {isa = PBXFileReference; fileEncoding = 4; lastKnownFileType = sourcecode.c.objc; path = SiSDataManager.m; sourceTree = "<group>"; };
		528A844F1DAE8B6E0076043A /* SiSServerManager.h */ = {isa = PBXFileReference; fileEncoding = 4; lastKnownFileType = sourcecode.c.h; path = SiSServerManager.h; sourceTree = "<group>"; };
		528A84501DAE8B6E0076043A /* SiSServerManager.m */ = {isa = PBXFileReference; fileEncoding = 4; lastKnownFileType = sourcecode.c.objc; path = SiSServerManager.m; sourceTree = "<group>"; };
		528A84521DAE8B770076043A /* SiSManagerProtocol.h */ = {isa = PBXFileReference; lastKnownFileType = sourcecode.c.h; path = SiSManagerProtocol.h; sourceTree = "<group>"; };
		528A84531DAE8E9F0076043A /* SiSTableViewController.h */ = {isa = PBXFileReference; fileEncoding = 4; lastKnownFileType = sourcecode.c.h; path = SiSTableViewController.h; sourceTree = "<group>"; };
		528A84541DAE8E9F0076043A /* SiSTableViewController.m */ = {isa = PBXFileReference; fileEncoding = 4; lastKnownFileType = sourcecode.c.objc; path = SiSTableViewController.m; sourceTree = "<group>"; };
		528A84561DAE94D60076043A /* SiSComplexManager.h */ = {isa = PBXFileReference; fileEncoding = 4; lastKnownFileType = sourcecode.c.h; path = SiSComplexManager.h; sourceTree = "<group>"; };
		528A84571DAE94D60076043A /* SiSComplexManager.m */ = {isa = PBXFileReference; fileEncoding = 4; lastKnownFileType = sourcecode.c.objc; path = SiSComplexManager.m; sourceTree = "<group>"; };
		52B93A901DB0016F004D3C3F /* SiSCourse+CoreDataProperties.h */ = {isa = PBXFileReference; fileEncoding = 4; lastKnownFileType = sourcecode.c.h; path = "SiSCourse+CoreDataProperties.h"; sourceTree = "<group>"; };
		52B93A911DB0016F004D3C3F /* SiSCourse+CoreDataProperties.m */ = {isa = PBXFileReference; fileEncoding = 4; lastKnownFileType = sourcecode.c.objc; path = "SiSCourse+CoreDataProperties.m"; sourceTree = "<group>"; };
		52B93A921DB0016F004D3C3F /* SiSCourse.h */ = {isa = PBXFileReference; fileEncoding = 4; lastKnownFileType = sourcecode.c.h; path = SiSCourse.h; sourceTree = "<group>"; };
		52B93A931DB0016F004D3C3F /* SiSCourse.m */ = {isa = PBXFileReference; fileEncoding = 4; lastKnownFileType = sourcecode.c.objc; path = SiSCourse.m; sourceTree = "<group>"; };
		52B93A941DB0016F004D3C3F /* SiSUpcoming+CoreDataProperties.h */ = {isa = PBXFileReference; fileEncoding = 4; lastKnownFileType = sourcecode.c.h; path = "SiSUpcoming+CoreDataProperties.h"; sourceTree = "<group>"; };
		52B93A951DB0016F004D3C3F /* SiSUpcoming+CoreDataProperties.m */ = {isa = PBXFileReference; fileEncoding = 4; lastKnownFileType = sourcecode.c.objc; path = "SiSUpcoming+CoreDataProperties.m"; sourceTree = "<group>"; };
		52B93A961DB0016F004D3C3F /* SiSUpcoming.h */ = {isa = PBXFileReference; fileEncoding = 4; lastKnownFileType = sourcecode.c.h; path = SiSUpcoming.h; sourceTree = "<group>"; };
		52B93A971DB0016F004D3C3F /* SiSUpcoming.m */ = {isa = PBXFileReference; fileEncoding = 4; lastKnownFileType = sourcecode.c.objc; path = SiSUpcoming.m; sourceTree = "<group>"; };
		82647C6919C3399A04900721 /* libPods-TestFetch.a */ = {isa = PBXFileReference; explicitFileType = archive.ar; includeInIndex = 0; path = "libPods-TestFetch.a"; sourceTree = BUILT_PRODUCTS_DIR; };
		CD0319A1328AC463BFA4206A /* Pods-TestFetch.release.xcconfig */ = {isa = PBXFileReference; includeInIndex = 1; lastKnownFileType = text.xcconfig; name = "Pods-TestFetch.release.xcconfig"; path = "Pods/Target Support Files/Pods-TestFetch/Pods-TestFetch.release.xcconfig"; sourceTree = "<group>"; };
/* End PBXFileReference section */

/* Begin PBXFrameworksBuildPhase section */
		528A83FB1DAE68AF0076043A /* Frameworks */ = {
			isa = PBXFrameworksBuildPhase;
			buildActionMask = 2147483647;
			files = (
				11A60C04552BF08B6B29B80B /* libPods-TestFetch.a in Frameworks */,
			);
			runOnlyForDeploymentPostprocessing = 0;
		};
		528A84171DAE68AF0076043A /* Frameworks */ = {
			isa = PBXFrameworksBuildPhase;
			buildActionMask = 2147483647;
			files = (
			);
			runOnlyForDeploymentPostprocessing = 0;
		};
		528A84221DAE68AF0076043A /* Frameworks */ = {
			isa = PBXFrameworksBuildPhase;
			buildActionMask = 2147483647;
			files = (
			);
			runOnlyForDeploymentPostprocessing = 0;
		};
/* End PBXFrameworksBuildPhase section */

/* Begin PBXGroup section */
		02E53BF3DB297506F8334318 /* Frameworks */ = {
			isa = PBXGroup;
			children = (
				82647C6919C3399A04900721 /* libPods-TestFetch.a */,
			);
			name = Frameworks;
			sourceTree = "<group>";
		};
		528A83F51DAE68AF0076043A = {
			isa = PBXGroup;
			children = (
				528A84001DAE68AF0076043A /* TestFetch */,
				528A841D1DAE68AF0076043A /* TestFetchTests */,
				528A84281DAE68AF0076043A /* TestFetchUITests */,
				528A83FF1DAE68AF0076043A /* Products */,
				54A79B42A4DB6677B7F328DF /* Pods */,
				02E53BF3DB297506F8334318 /* Frameworks */,
			);
			sourceTree = "<group>";
		};
		528A83FF1DAE68AF0076043A /* Products */ = {
			isa = PBXGroup;
			children = (
				528A83FE1DAE68AF0076043A /* TestFetch.app */,
				528A841A1DAE68AF0076043A /* TestFetchTests.xctest */,
				528A84251DAE68AF0076043A /* TestFetchUITests.xctest */,
			);
			name = Products;
			sourceTree = "<group>";
		};
		528A84001DAE68AF0076043A /* TestFetch */ = {
			isa = PBXGroup;
			children = (
				528A844E1DAE86DE0076043A /* ViewControllers */,
				528A843D1DAE72430076043A /* Models */,
				528A84041DAE68AF0076043A /* AppDelegate.h */,
				528A84051DAE68AF0076043A /* AppDelegate.m */,
				528A84561DAE94D60076043A /* SiSComplexManager.h */,
				528A84571DAE94D60076043A /* SiSComplexManager.m */,
				528A844F1DAE8B6E0076043A /* SiSServerManager.h */,
				528A84501DAE8B6E0076043A /* SiSServerManager.m */,
				528A84451DAE802E0076043A /* SiSDataManager.h */,
				528A84461DAE802E0076043A /* SiSDataManager.m */,
				528A84521DAE8B770076043A /* SiSManagerProtocol.h */,
				528A840A1DAE68AF0076043A /* Main.storyboard */,
				528A84101DAE68AF0076043A /* Assets.xcassets */,
				528A84121DAE68AF0076043A /* LaunchScreen.storyboard */,
				528A84151DAE68AF0076043A /* Info.plist */,
				528A840D1DAE68AF0076043A /* TestFetch.xcdatamodeld */,
				528A84011DAE68AF0076043A /* Supporting Files */,
			);
			path = TestFetch;
			sourceTree = "<group>";
		};
		528A84011DAE68AF0076043A /* Supporting Files */ = {
			isa = PBXGroup;
			children = (
				528A84021DAE68AF0076043A /* main.m */,
			);
			name = "Supporting Files";
			sourceTree = "<group>";
		};
		528A841D1DAE68AF0076043A /* TestFetchTests */ = {
			isa = PBXGroup;
			children = (
				528A841E1DAE68AF0076043A /* TestFetchTests.m */,
				528A84201DAE68AF0076043A /* Info.plist */,
			);
			path = TestFetchTests;
			sourceTree = "<group>";
		};
		528A84281DAE68AF0076043A /* TestFetchUITests */ = {
			isa = PBXGroup;
			children = (
				528A84291DAE68AF0076043A /* TestFetchUITests.m */,
				528A842B1DAE68AF0076043A /* Info.plist */,
			);
			path = TestFetchUITests;
			sourceTree = "<group>";
		};
		528A843D1DAE72430076043A /* Models */ = {
			isa = PBXGroup;
			children = (
				52B93A901DB0016F004D3C3F /* SiSCourse+CoreDataProperties.h */,
				52B93A911DB0016F004D3C3F /* SiSCourse+CoreDataProperties.m */,
				52B93A921DB0016F004D3C3F /* SiSCourse.h */,
				52B93A931DB0016F004D3C3F /* SiSCourse.m */,
				52B93A941DB0016F004D3C3F /* SiSUpcoming+CoreDataProperties.h */,
				52B93A951DB0016F004D3C3F /* SiSUpcoming+CoreDataProperties.m */,
				52B93A961DB0016F004D3C3F /* SiSUpcoming.h */,
				52B93A971DB0016F004D3C3F /* SiSUpcoming.m */,
			);
			name = Models;
			sourceTree = "<group>";
		};
		528A844E1DAE86DE0076043A /* ViewControllers */ = {
			isa = PBXGroup;
			children = (
				528A84531DAE8E9F0076043A /* SiSTableViewController.h */,
				528A84541DAE8E9F0076043A /* SiSTableViewController.m */,
			);
			name = ViewControllers;
			sourceTree = "<group>";
		};
		54A79B42A4DB6677B7F328DF /* Pods */ = {
			isa = PBXGroup;
			children = (
				1F5E53CF438E8725DF7768C2 /* Pods-TestFetch.debug.xcconfig */,
				CD0319A1328AC463BFA4206A /* Pods-TestFetch.release.xcconfig */,
			);
			name = Pods;
			sourceTree = "<group>";
		};
/* End PBXGroup section */

/* Begin PBXNativeTarget section */
		528A83FD1DAE68AF0076043A /* TestFetch */ = {
			isa = PBXNativeTarget;
			buildConfigurationList = 528A842E1DAE68AF0076043A /* Build configuration list for PBXNativeTarget "TestFetch" */;
			buildPhases = (
				3E308BA22EEDF5A99F002609 /* [CP] Check Pods Manifest.lock */,
				528A83FA1DAE68AF0076043A /* Sources */,
				528A83FB1DAE68AF0076043A /* Frameworks */,
				528A83FC1DAE68AF0076043A /* Resources */,
				E0A262DBD39D9BA237713F2A /* [CP] Embed Pods Frameworks */,
				F1FD89D78D825FCAAB4C4006 /* [CP] Copy Pods Resources */,
			);
			buildRules = (
			);
			dependencies = (
			);
			name = TestFetch;
			productName = TestFetch;
			productReference = 528A83FE1DAE68AF0076043A /* TestFetch.app */;
			productType = "com.apple.product-type.application";
		};
		528A84191DAE68AF0076043A /* TestFetchTests */ = {
			isa = PBXNativeTarget;
			buildConfigurationList = 528A84311DAE68AF0076043A /* Build configuration list for PBXNativeTarget "TestFetchTests" */;
			buildPhases = (
				528A84161DAE68AF0076043A /* Sources */,
				528A84171DAE68AF0076043A /* Frameworks */,
				528A84181DAE68AF0076043A /* Resources */,
			);
			buildRules = (
			);
			dependencies = (
				528A841C1DAE68AF0076043A /* PBXTargetDependency */,
			);
			name = TestFetchTests;
			productName = TestFetchTests;
			productReference = 528A841A1DAE68AF0076043A /* TestFetchTests.xctest */;
			productType = "com.apple.product-type.bundle.unit-test";
		};
		528A84241DAE68AF0076043A /* TestFetchUITests */ = {
			isa = PBXNativeTarget;
			buildConfigurationList = 528A84341DAE68AF0076043A /* Build configuration list for PBXNativeTarget "TestFetchUITests" */;
			buildPhases = (
				528A84211DAE68AF0076043A /* Sources */,
				528A84221DAE68AF0076043A /* Frameworks */,
				528A84231DAE68AF0076043A /* Resources */,
			);
			buildRules = (
			);
			dependencies = (
				528A84271DAE68AF0076043A /* PBXTargetDependency */,
			);
			name = TestFetchUITests;
			productName = TestFetchUITests;
			productReference = 528A84251DAE68AF0076043A /* TestFetchUITests.xctest */;
			productType = "com.apple.product-type.bundle.ui-testing";
		};
/* End PBXNativeTarget section */

/* Begin PBXProject section */
		528A83F61DAE68AF0076043A /* Project object */ = {
			isa = PBXProject;
			attributes = {
				CLASSPREFIX = SiS;
				LastUpgradeCheck = 0730;
				ORGANIZATIONNAME = "Stanly Shiyanovskiy";
				TargetAttributes = {
					528A83FD1DAE68AF0076043A = {
						CreatedOnToolsVersion = 7.3.1;
					};
					528A84191DAE68AF0076043A = {
						CreatedOnToolsVersion = 7.3.1;
						TestTargetID = 528A83FD1DAE68AF0076043A;
					};
					528A84241DAE68AF0076043A = {
						CreatedOnToolsVersion = 7.3.1;
						TestTargetID = 528A83FD1DAE68AF0076043A;
					};
				};
			};
			buildConfigurationList = 528A83F91DAE68AF0076043A /* Build configuration list for PBXProject "TestFetch" */;
			compatibilityVersion = "Xcode 3.2";
			developmentRegion = English;
			hasScannedForEncodings = 0;
			knownRegions = (
				en,
				Base,
			);
			mainGroup = 528A83F51DAE68AF0076043A;
			productRefGroup = 528A83FF1DAE68AF0076043A /* Products */;
			projectDirPath = "";
			projectRoot = "";
			targets = (
				528A83FD1DAE68AF0076043A /* TestFetch */,
				528A84191DAE68AF0076043A /* TestFetchTests */,
				528A84241DAE68AF0076043A /* TestFetchUITests */,
			);
		};
/* End PBXProject section */

/* Begin PBXResourcesBuildPhase section */
		528A83FC1DAE68AF0076043A /* Resources */ = {
			isa = PBXResourcesBuildPhase;
			buildActionMask = 2147483647;
			files = (
				528A84141DAE68AF0076043A /* LaunchScreen.storyboard in Resources */,
				528A84111DAE68AF0076043A /* Assets.xcassets in Resources */,
				528A840C1DAE68AF0076043A /* Main.storyboard in Resources */,
			);
			runOnlyForDeploymentPostprocessing = 0;
		};
		528A84181DAE68AF0076043A /* Resources */ = {
			isa = PBXResourcesBuildPhase;
			buildActionMask = 2147483647;
			files = (
			);
			runOnlyForDeploymentPostprocessing = 0;
		};
		528A84231DAE68AF0076043A /* Resources */ = {
			isa = PBXResourcesBuildPhase;
			buildActionMask = 2147483647;
			files = (
			);
			runOnlyForDeploymentPostprocessing = 0;
		};
/* End PBXResourcesBuildPhase section */

/* Begin PBXShellScriptBuildPhase section */
		3E308BA22EEDF5A99F002609 /* [CP] Check Pods Manifest.lock */ = {
			isa = PBXShellScriptBuildPhase;
			buildActionMask = 2147483647;
			files = (
			);
			inputPaths = (
			);
			name = "[CP] Check Pods Manifest.lock";
			outputPaths = (
			);
			runOnlyForDeploymentPostprocessing = 0;
			shellPath = /bin/sh;
			shellScript = "diff \"${PODS_ROOT}/../Podfile.lock\" \"${PODS_ROOT}/Manifest.lock\" > /dev/null\nif [[ $? != 0 ]] ; then\n    cat << EOM\nerror: The sandbox is not in sync with the Podfile.lock. Run 'pod install' or update your CocoaPods installation.\nEOM\n    exit 1\nfi\n";
			showEnvVarsInLog = 0;
		};
		E0A262DBD39D9BA237713F2A /* [CP] Embed Pods Frameworks */ = {
			isa = PBXShellScriptBuildPhase;
			buildActionMask = 2147483647;
			files = (
			);
			inputPaths = (
			);
			name = "[CP] Embed Pods Frameworks";
			outputPaths = (
			);
			runOnlyForDeploymentPostprocessing = 0;
			shellPath = /bin/sh;
			shellScript = "\"${SRCROOT}/Pods/Target Support Files/Pods-TestFetch/Pods-TestFetch-frameworks.sh\"\n";
			showEnvVarsInLog = 0;
		};
		F1FD89D78D825FCAAB4C4006 /* [CP] Copy Pods Resources */ = {
			isa = PBXShellScriptBuildPhase;
			buildActionMask = 2147483647;
			files = (
			);
			inputPaths = (
			);
			name = "[CP] Copy Pods Resources";
			outputPaths = (
			);
			runOnlyForDeploymentPostprocessing = 0;
			shellPath = /bin/sh;
			shellScript = "\"${SRCROOT}/Pods/Target Support Files/Pods-TestFetch/Pods-TestFetch-resources.sh\"\n";
			showEnvVarsInLog = 0;
		};
/* End PBXShellScriptBuildPhase section */

/* Begin PBXSourcesBuildPhase section */
		528A83FA1DAE68AF0076043A /* Sources */ = {
			isa = PBXSourcesBuildPhase;
			buildActionMask = 2147483647;
			files = (
				528A84581DAE94D60076043A /* SiSComplexManager.m in Sources */,
				528A84551DAE8E9F0076043A /* SiSTableViewController.m in Sources */,
				52B93A9B1DB0016F004D3C3F /* SiSUpcoming.m in Sources */,
				52B93A9A1DB0016F004D3C3F /* SiSUpcoming+CoreDataProperties.m in Sources */,
				528A84471DAE802E0076043A /* SiSDataManager.m in Sources */,
				528A840F1DAE68AF0076043A /* TestFetch.xcdatamodeld in Sources */,
				52B93A981DB0016F004D3C3F /* SiSCourse+CoreDataProperties.m in Sources */,
				528A84511DAE8B6E0076043A /* SiSServerManager.m in Sources */,
				528A84061DAE68AF0076043A /* AppDelegate.m in Sources */,
				528A84031DAE68AF0076043A /* main.m in Sources */,
				52B93A991DB0016F004D3C3F /* SiSCourse.m in Sources */,
			);
			runOnlyForDeploymentPostprocessing = 0;
		};
		528A84161DAE68AF0076043A /* Sources */ = {
			isa = PBXSourcesBuildPhase;
			buildActionMask = 2147483647;
			files = (
				528A841F1DAE68AF0076043A /* TestFetchTests.m in Sources */,
			);
			runOnlyForDeploymentPostprocessing = 0;
		};
		528A84211DAE68AF0076043A /* Sources */ = {
			isa = PBXSourcesBuildPhase;
			buildActionMask = 2147483647;
			files = (
				528A842A1DAE68AF0076043A /* TestFetchUITests.m in Sources */,
			);
			runOnlyForDeploymentPostprocessing = 0;
		};
/* End PBXSourcesBuildPhase section */

/* Begin PBXTargetDependency section */
		528A841C1DAE68AF0076043A /* PBXTargetDependency */ = {
			isa = PBXTargetDependency;
			target = 528A83FD1DAE68AF0076043A /* TestFetch */;
			targetProxy = 528A841B1DAE68AF0076043A /* PBXContainerItemProxy */;
		};
		528A84271DAE68AF0076043A /* PBXTargetDependency */ = {
			isa = PBXTargetDependency;
			target = 528A83FD1DAE68AF0076043A /* TestFetch */;
			targetProxy = 528A84261DAE68AF0076043A /* PBXContainerItemProxy */;
		};
/* End PBXTargetDependency section */

/* Begin PBXVariantGroup section */
		528A840A1DAE68AF0076043A /* Main.storyboard */ = {
			isa = PBXVariantGroup;
			children = (
				528A840B1DAE68AF0076043A /* Base */,
			);
			name = Main.storyboard;
			sourceTree = "<group>";
		};
		528A84121DAE68AF0076043A /* LaunchScreen.storyboard */ = {
			isa = PBXVariantGroup;
			children = (
				528A84131DAE68AF0076043A /* Base */,
			);
			name = LaunchScreen.storyboard;
			sourceTree = "<group>";
		};
/* End PBXVariantGroup section */

/* Begin XCBuildConfiguration section */
		528A842C1DAE68AF0076043A /* Debug */ = {
			isa = XCBuildConfiguration;
			buildSettings = {
				ALWAYS_SEARCH_USER_PATHS = NO;
				CLANG_ANALYZER_NONNULL = YES;
				CLANG_CXX_LANGUAGE_STANDARD = "gnu++0x";
				CLANG_CXX_LIBRARY = "libc++";
				CLANG_ENABLE_MODULES = YES;
				CLANG_ENABLE_OBJC_ARC = YES;
				CLANG_WARN_BOOL_CONVERSION = YES;
				CLANG_WARN_CONSTANT_CONVERSION = YES;
				CLANG_WARN_DIRECT_OBJC_ISA_USAGE = YES_ERROR;
				CLANG_WARN_EMPTY_BODY = YES;
				CLANG_WARN_ENUM_CONVERSION = YES;
				CLANG_WARN_INT_CONVERSION = YES;
				CLANG_WARN_OBJC_ROOT_CLASS = YES_ERROR;
				CLANG_WARN_UNREACHABLE_CODE = YES;
				CLANG_WARN__DUPLICATE_METHOD_MATCH = YES;
				"CODE_SIGN_IDENTITY[sdk=iphoneos*]" = "iPhone Developer";
				COPY_PHASE_STRIP = NO;
				DEBUG_INFORMATION_FORMAT = dwarf;
				ENABLE_STRICT_OBJC_MSGSEND = YES;
				ENABLE_TESTABILITY = YES;
				GCC_C_LANGUAGE_STANDARD = gnu99;
				GCC_DYNAMIC_NO_PIC = NO;
				GCC_NO_COMMON_BLOCKS = YES;
				GCC_OPTIMIZATION_LEVEL = 0;
				GCC_PREPROCESSOR_DEFINITIONS = (
					"DEBUG=1",
					"$(inherited)",
				);
				GCC_WARN_64_TO_32_BIT_CONVERSION = YES;
				GCC_WARN_ABOUT_RETURN_TYPE = YES_ERROR;
				GCC_WARN_UNDECLARED_SELECTOR = YES;
				GCC_WARN_UNINITIALIZED_AUTOS = YES_AGGRESSIVE;
				GCC_WARN_UNUSED_FUNCTION = YES;
				GCC_WARN_UNUSED_VARIABLE = YES;
				IPHONEOS_DEPLOYMENT_TARGET = 9.3;
				MTL_ENABLE_DEBUG_INFO = YES;
				ONLY_ACTIVE_ARCH = YES;
				SDKROOT = iphoneos;
				TARGETED_DEVICE_FAMILY = "1,2";
			};
			name = Debug;
		};
		528A842D1DAE68AF0076043A /* Release */ = {
			isa = XCBuildConfiguration;
			buildSettings = {
				ALWAYS_SEARCH_USER_PATHS = NO;
				CLANG_ANALYZER_NONNULL = YES;
				CLANG_CXX_LANGUAGE_STANDARD = "gnu++0x";
				CLANG_CXX_LIBRARY = "libc++";
				CLANG_ENABLE_MODULES = YES;
				CLANG_ENABLE_OBJC_ARC = YES;
				CLANG_WARN_BOOL_CONVERSION = YES;
				CLANG_WARN_CONSTANT_CONVERSION = YES;
				CLANG_WARN_DIRECT_OBJC_ISA_USAGE = YES_ERROR;
				CLANG_WARN_EMPTY_BODY = YES;
				CLANG_WARN_ENUM_CONVERSION = YES;
				CLANG_WARN_INT_CONVERSION = YES;
				CLANG_WARN_OBJC_ROOT_CLASS = YES_ERROR;
				CLANG_WARN_UNREACHABLE_CODE = YES;
				CLANG_WARN__DUPLICATE_METHOD_MATCH = YES;
				"CODE_SIGN_IDENTITY[sdk=iphoneos*]" = "iPhone Developer";
				COPY_PHASE_STRIP = NO;
				DEBUG_INFORMATION_FORMAT = "dwarf-with-dsym";
				ENABLE_NS_ASSERTIONS = NO;
				ENABLE_STRICT_OBJC_MSGSEND = YES;
				GCC_C_LANGUAGE_STANDARD = gnu99;
				GCC_NO_COMMON_BLOCKS = YES;
				GCC_WARN_64_TO_32_BIT_CONVERSION = YES;
				GCC_WARN_ABOUT_RETURN_TYPE = YES_ERROR;
				GCC_WARN_UNDECLARED_SELECTOR = YES;
				GCC_WARN_UNINITIALIZED_AUTOS = YES_AGGRESSIVE;
				GCC_WARN_UNUSED_FUNCTION = YES;
				GCC_WARN_UNUSED_VARIABLE = YES;
				IPHONEOS_DEPLOYMENT_TARGET = 9.3;
				MTL_ENABLE_DEBUG_INFO = NO;
				SDKROOT = iphoneos;
				TARGETED_DEVICE_FAMILY = "1,2";
				VALIDATE_PRODUCT = YES;
			};
			name = Release;
		};
		528A842F1DAE68AF0076043A /* Debug */ = {
			isa = XCBuildConfiguration;
			baseConfigurationReference = 1F5E53CF438E8725DF7768C2 /* Pods-TestFetch.debug.xcconfig */;
			buildSettings = {
				ASSETCATALOG_COMPILER_APPICON_NAME = AppIcon;
				INFOPLIST_FILE = TestFetch/Info.plist;
				LD_RUNPATH_SEARCH_PATHS = "$(inherited) @executable_path/Frameworks";
				PRODUCT_BUNDLE_IDENTIFIER = SiS.TestFetch;
				PRODUCT_NAME = "$(TARGET_NAME)";
			};
			name = Debug;
		};
		528A84301DAE68AF0076043A /* Release */ = {
			isa = XCBuildConfiguration;
			baseConfigurationReference = CD0319A1328AC463BFA4206A /* Pods-TestFetch.release.xcconfig */;
			buildSettings = {
				ASSETCATALOG_COMPILER_APPICON_NAME = AppIcon;
				INFOPLIST_FILE = TestFetch/Info.plist;
				LD_RUNPATH_SEARCH_PATHS = "$(inherited) @executable_path/Frameworks";
				PRODUCT_BUNDLE_IDENTIFIER = SiS.TestFetch;
				PRODUCT_NAME = "$(TARGET_NAME)";
			};
			name = Release;
		};
		528A84321DAE68AF0076043A /* Debug */ = {
			isa = XCBuildConfiguration;
			buildSettings = {
				BUNDLE_LOADER = "$(TEST_HOST)";
				INFOPLIST_FILE = TestFetchTests/Info.plist;
				LD_RUNPATH_SEARCH_PATHS = "$(inherited) @executable_path/Frameworks @loader_path/Frameworks";
				PRODUCT_BUNDLE_IDENTIFIER = SiS.TestFetchTests;
				PRODUCT_NAME = "$(TARGET_NAME)";
				TEST_HOST = "$(BUILT_PRODUCTS_DIR)/TestFetch.app/TestFetch";
			};
			name = Debug;
		};
		528A84331DAE68AF0076043A /* Release */ = {
			isa = XCBuildConfiguration;
			buildSettings = {
				BUNDLE_LOADER = "$(TEST_HOST)";
				INFOPLIST_FILE = TestFetchTests/Info.plist;
				LD_RUNPATH_SEARCH_PATHS = "$(inherited) @executable_path/Frameworks @loader_path/Frameworks";
				PRODUCT_BUNDLE_IDENTIFIER = SiS.TestFetchTests;
				PRODUCT_NAME = "$(TARGET_NAME)";
				TEST_HOST = "$(BUILT_PRODUCTS_DIR)/TestFetch.app/TestFetch";
			};
			name = Release;
		};
		528A84351DAE68AF0076043A /* Debug */ = {
			isa = XCBuildConfiguration;
			buildSettings = {
				INFOPLIST_FILE = TestFetchUITests/Info.plist;
				LD_RUNPATH_SEARCH_PATHS = "$(inherited) @executable_path/Frameworks @loader_path/Frameworks";
				PRODUCT_BUNDLE_IDENTIFIER = SiS.TestFetchUITests;
				PRODUCT_NAME = "$(TARGET_NAME)";
				TEST_TARGET_NAME = TestFetch;
			};
			name = Debug;
		};
		528A84361DAE68AF0076043A /* Release */ = {
			isa = XCBuildConfiguration;
			buildSettings = {
				INFOPLIST_FILE = TestFetchUITests/Info.plist;
				LD_RUNPATH_SEARCH_PATHS = "$(inherited) @executable_path/Frameworks @loader_path/Frameworks";
				PRODUCT_BUNDLE_IDENTIFIER = SiS.TestFetchUITests;
				PRODUCT_NAME = "$(TARGET_NAME)";
				TEST_TARGET_NAME = TestFetch;
			};
			name = Release;
		};
/* End XCBuildConfiguration section */

/* Begin XCConfigurationList section */
		528A83F91DAE68AF0076043A /* Build configuration list for PBXProject "TestFetch" */ = {
			isa = XCConfigurationList;
			buildConfigurations = (
				528A842C1DAE68AF0076043A /* Debug */,
				528A842D1DAE68AF0076043A /* Release */,
			);
			defaultConfigurationIsVisible = 0;
			defaultConfigurationName = Release;
		};
		528A842E1DAE68AF0076043A /* Build configuration list for PBXNativeTarget "TestFetch" */ = {
			isa = XCConfigurationList;
			buildConfigurations = (
				528A842F1DAE68AF0076043A /* Debug */,
				528A84301DAE68AF0076043A /* Release */,
			);
			defaultConfigurationIsVisible = 0;
			defaultConfigurationName = Release;
		};
		528A84311DAE68AF0076043A /* Build configuration list for PBXNativeTarget "TestFetchTests" */ = {
			isa = XCConfigurationList;
			buildConfigurations = (
				528A84321DAE68AF0076043A /* Debug */,
				528A84331DAE68AF0076043A /* Release */,
			);
			defaultConfigurationIsVisible = 0;
			defaultConfigurationName = Release;
		};
		528A84341DAE68AF0076043A /* Build configuration list for PBXNativeTarget "TestFetchUITests" */ = {
			isa = XCConfigurationList;
			buildConfigurations = (
				528A84351DAE68AF0076043A /* Debug */,
				528A84361DAE68AF0076043A /* Release */,
			);
			defaultConfigurationIsVisible = 0;
			defaultConfigurationName = Release;
		};
/* End XCConfigurationList section */

/* Begin XCVersionGroup section */
		528A840D1DAE68AF0076043A /* TestFetch.xcdatamodeld */ = {
			isa = XCVersionGroup;
			children = (
				528A840E1DAE68AF0076043A /* TestFetch.xcdatamodel */,
			);
			currentVersion = 528A840E1DAE68AF0076043A /* TestFetch.xcdatamodel */;
			path = TestFetch.xcdatamodeld;
			sourceTree = "<group>";
			versionGroupType = wrapper.xcdatamodel;
		};
/* End XCVersionGroup section */
	};
	rootObject = 528A83F61DAE68AF0076043A /* Project object */;
}
